
Microsoft Visual Studio Solution File, Format Version 12.00
# Visual Studio Version 16
VisualStudioVersion = 16.0.30320.27
MinimumVisualStudioVersion = 10.0.40219.1
Project("{8BC9CEB8-8B4A-11D0-8D11-00A0C91BC942}") = "ConsoleApplication2", "ConsoleApplication2.vcxproj", "{F7894E48-9B38-4E08-9CCC-2C2D2B6C31AC}"
EndProject
Global
	GlobalSection(SolutionConfigurationPlatforms) = preSolution
		Debug|x64 = Debug|x64
		Debug|x86 = Debug|x86
		Release|x64 = Release|x64
		Release|x86 = Release|x86
	EndGlobalSection
	GlobalSection(ProjectConfigurationPlatforms) = postSolution
		{F7894E48-9B38-4E08-9CCC-2C2D2B6C31AC}.Debug|x64.ActiveCfg = Debug|x64
		{F7894E48-9B38-4E08-9CCC-2C2D2B6C31AC}.Debug|x64.Build.0 = Debug|x64
		{F7894E48-9B38-4E08-9CCC-2C2D2B6C31AC}.Debug|x86.ActiveCfg = Debug|Win32
		{F7894E48-9B38-4E08-9CCC-2C2D2B6C31AC}.Debug|x86.Build.0 = Debug|Win32
		{F7894E48-9B38-4E08-9CCC-2C2D2B6C31AC}.Release|x64.ActiveCfg = Release|x64
		{F7894E48-9B38-4E08-9CCC-2C2D2B6C31AC}.Release|x64.Build.0 = Release|x64
		{F7894E48-9B38-4E08-9CCC-2C2D2B6C31AC}.Release|x86.ActiveCfg = Release|Win32
		{F7894E48-9B38-4E08-9CCC-2C2D2B6C31AC}.Release|x86.Build.0 = Release|Win32
	EndGlobalSection
	GlobalSection(SolutionProperties) = preSolution
		HideSolutionNode = FALSE
	EndGlobalSection
	GlobalSection(ExtensibilityGlobals) = postSolution
		SolutionGuid = {2A6A58E1-8054-4C47-A3AB-F84ECAB99145}
	EndGlobalSection
EndGlobal
